
Microsoft Visual Studio Solution File, Format Version 12.00
# Visual Studio Version 17
VisualStudioVersion = 17.0.31903.59
MinimumVisualStudioVersion = 10.0.40219.1
Project("{FAE04EC0-301F-11D3-BF4B-00C04F79EFBC}") = "TiposDeDados1", "TiposDeDados1\TiposDeDados1.csproj", "{798F3F6E-4567-4DCA-AEDE-FEAB201334AB}"
EndProject
Project("{FAE04EC0-301F-11D3-BF4B-00C04F79EFBC}") = "TiposDeDados2", "TiposDeDados2\TiposDeDados2.csproj", "{B618A05A-3716-43FF-BE6B-1896E7013552}"
EndProject
Project("{FAE04EC0-301F-11D3-BF4B-00C04F79EFBC}") = "TiposDeDados3", "TiposDeDados3\TiposDeDados3.csproj", "{ADE50241-C9DA-4471-98B2-36BC9E2CA1D1}"
EndProject
Project("{FAE04EC0-301F-11D3-BF4B-00C04F79EFBC}") = "TiposDeDados4", "TiposDeDados4\TiposDeDados4.csproj", "{BE6AF15C-52B5-435B-A81F-23D974CD3C8C}"
EndProject
Project("{FAE04EC0-301F-11D3-BF4B-00C04F79EFBC}") = "TiposDeDados5", "TiposDeDados5\TiposDeDados5.csproj", "{D27078FC-18B8-44DB-9978-6626A528434C}"
EndProject
Project("{FAE04EC0-301F-11D3-BF4B-00C04F79EFBC}") = "TiposNulos", "TiposNulos\TiposNulos.csproj", "{B91A1D8E-E97F-4936-9BDA-5D2950B9C1E5}"
EndProject
Project("{FAE04EC0-301F-11D3-BF4B-00C04F79EFBC}") = "Identificadores", "Identificadores\Identificadores.csproj", "{51051465-AC00-4D05-9953-90773A32AE9F}"
EndProject
Project("{FAE04EC0-301F-11D3-BF4B-00C04F79EFBC}") = "Exercicios", "Exercicios\Exercicios.csproj", "{E50ACA84-8914-4932-9F57-8FA54BC9A75E}"
EndProject
Project("{FAE04EC0-301F-11D3-BF4B-00C04F79EFBC}") = "SaidaDeDados", "SaidaDeDados\SaidaDeDados.csproj", "{60B2DA54-8B6E-4DC2-AAE3-2E1969B2AFB8}"
EndProject
Project("{FAE04EC0-301F-11D3-BF4B-00C04F79EFBC}") = "ConversaoDeTipos", "ConversaoDeTipos\ConversaoDeTipos.csproj", "{2EDE3444-AF8B-4A54-B5DF-B6BE74205BCF}"
EndProject
Project("{FAE04EC0-301F-11D3-BF4B-00C04F79EFBC}") = "OperadoresAritmeticos", "OperadoresAritmeticos\OperadoresAritmeticos.csproj", "{8B09003C-A812-4635-BE66-E65CAAD21080}"
EndProject
Project("{FAE04EC0-301F-11D3-BF4B-00C04F79EFBC}") = "EntradaDeDados", "EntradaDeDados\EntradaDeDados.csproj", "{D1F39213-7CB5-4D1C-ADA3-E58938F1D4F5}"
EndProject
Project("{FAE04EC0-301F-11D3-BF4B-00C04F79EFBC}") = "Exercicios2", "Exercicios2\Exercicios2.csproj", "{1D337FEC-AEAE-41EE-B156-7D9B4B906FC8}"
EndProject
Project("{FAE04EC0-301F-11D3-BF4B-00C04F79EFBC}") = "EstruturaIf", "EstruturaIf\EstruturaIf.csproj", "{BB95A422-E00D-4861-8666-78CAA922D589}"
EndProject
Project("{FAE04EC0-301F-11D3-BF4B-00C04F79EFBC}") = "EstruturaIfElse", "EstruturaIfElse\EstruturaIfElse.csproj", "{2692C785-FB2D-49CB-9D22-2B3B495D8512}"
EndProject
Project("{FAE04EC0-301F-11D3-BF4B-00C04F79EFBC}") = "EstruturaIfElseIf", "EstruturaIfElseIf\EstruturaIfElseIf.csproj", "{DC006F93-3CB1-4923-B81A-2A2C11DD2AA9}"
EndProject
Project("{FAE04EC0-301F-11D3-BF4B-00C04F79EFBC}") = "SwitchCase", "SwitchCase\SwitchCase.csproj", "{19FAD213-DC9E-4D85-8AA3-51C1C25D5860}"
EndProject
Global
	GlobalSection(SolutionConfigurationPlatforms) = preSolution
		Debug|Any CPU = Debug|Any CPU
		Debug|x64 = Debug|x64
		Debug|x86 = Debug|x86
		Release|Any CPU = Release|Any CPU
		Release|x64 = Release|x64
		Release|x86 = Release|x86
	EndGlobalSection
	GlobalSection(ProjectConfigurationPlatforms) = postSolution
		{798F3F6E-4567-4DCA-AEDE-FEAB201334AB}.Debug|Any CPU.ActiveCfg = Debug|Any CPU
		{798F3F6E-4567-4DCA-AEDE-FEAB201334AB}.Debug|Any CPU.Build.0 = Debug|Any CPU
		{798F3F6E-4567-4DCA-AEDE-FEAB201334AB}.Debug|x64.ActiveCfg = Debug|Any CPU
		{798F3F6E-4567-4DCA-AEDE-FEAB201334AB}.Debug|x64.Build.0 = Debug|Any CPU
		{798F3F6E-4567-4DCA-AEDE-FEAB201334AB}.Debug|x86.ActiveCfg = Debug|Any CPU
		{798F3F6E-4567-4DCA-AEDE-FEAB201334AB}.Debug|x86.Build.0 = Debug|Any CPU
		{798F3F6E-4567-4DCA-AEDE-FEAB201334AB}.Release|Any CPU.ActiveCfg = Release|Any CPU
		{798F3F6E-4567-4DCA-AEDE-FEAB201334AB}.Release|Any CPU.Build.0 = Release|Any CPU
		{798F3F6E-4567-4DCA-AEDE-FEAB201334AB}.Release|x64.ActiveCfg = Release|Any CPU
		{798F3F6E-4567-4DCA-AEDE-FEAB201334AB}.Release|x64.Build.0 = Release|Any CPU
		{798F3F6E-4567-4DCA-AEDE-FEAB201334AB}.Release|x86.ActiveCfg = Release|Any CPU
		{798F3F6E-4567-4DCA-AEDE-FEAB201334AB}.Release|x86.Build.0 = Release|Any CPU
		{B618A05A-3716-43FF-BE6B-1896E7013552}.Debug|Any CPU.ActiveCfg = Debug|Any CPU
		{B618A05A-3716-43FF-BE6B-1896E7013552}.Debug|Any CPU.Build.0 = Debug|Any CPU
		{B618A05A-3716-43FF-BE6B-1896E7013552}.Debug|x64.ActiveCfg = Debug|Any CPU
		{B618A05A-3716-43FF-BE6B-1896E7013552}.Debug|x64.Build.0 = Debug|Any CPU
		{B618A05A-3716-43FF-BE6B-1896E7013552}.Debug|x86.ActiveCfg = Debug|Any CPU
		{B618A05A-3716-43FF-BE6B-1896E7013552}.Debug|x86.Build.0 = Debug|Any CPU
		{B618A05A-3716-43FF-BE6B-1896E7013552}.Release|Any CPU.ActiveCfg = Release|Any CPU
		{B618A05A-3716-43FF-BE6B-1896E7013552}.Release|Any CPU.Build.0 = Release|Any CPU
		{B618A05A-3716-43FF-BE6B-1896E7013552}.Release|x64.ActiveCfg = Release|Any CPU
		{B618A05A-3716-43FF-BE6B-1896E7013552}.Release|x64.Build.0 = Release|Any CPU
		{B618A05A-3716-43FF-BE6B-1896E7013552}.Release|x86.ActiveCfg = Release|Any CPU
		{B618A05A-3716-43FF-BE6B-1896E7013552}.Release|x86.Build.0 = Release|Any CPU
		{ADE50241-C9DA-4471-98B2-36BC9E2CA1D1}.Debug|Any CPU.ActiveCfg = Debug|Any CPU
		{ADE50241-C9DA-4471-98B2-36BC9E2CA1D1}.Debug|Any CPU.Build.0 = Debug|Any CPU
		{ADE50241-C9DA-4471-98B2-36BC9E2CA1D1}.Debug|x64.ActiveCfg = Debug|Any CPU
		{ADE50241-C9DA-4471-98B2-36BC9E2CA1D1}.Debug|x64.Build.0 = Debug|Any CPU
		{ADE50241-C9DA-4471-98B2-36BC9E2CA1D1}.Debug|x86.ActiveCfg = Debug|Any CPU
		{ADE50241-C9DA-4471-98B2-36BC9E2CA1D1}.Debug|x86.Build.0 = Debug|Any CPU
		{ADE50241-C9DA-4471-98B2-36BC9E2CA1D1}.Release|Any CPU.ActiveCfg = Release|Any CPU
		{ADE50241-C9DA-4471-98B2-36BC9E2CA1D1}.Release|Any CPU.Build.0 = Release|Any CPU
		{ADE50241-C9DA-4471-98B2-36BC9E2CA1D1}.Release|x64.ActiveCfg = Release|Any CPU
		{ADE50241-C9DA-4471-98B2-36BC9E2CA1D1}.Release|x64.Build.0 = Release|Any CPU
		{ADE50241-C9DA-4471-98B2-36BC9E2CA1D1}.Release|x86.ActiveCfg = Release|Any CPU
		{ADE50241-C9DA-4471-98B2-36BC9E2CA1D1}.Release|x86.Build.0 = Release|Any CPU
		{BE6AF15C-52B5-435B-A81F-23D974CD3C8C}.Debug|Any CPU.ActiveCfg = Debug|Any CPU
		{BE6AF15C-52B5-435B-A81F-23D974CD3C8C}.Debug|Any CPU.Build.0 = Debug|Any CPU
		{BE6AF15C-52B5-435B-A81F-23D974CD3C8C}.Debug|x64.ActiveCfg = Debug|Any CPU
		{BE6AF15C-52B5-435B-A81F-23D974CD3C8C}.Debug|x64.Build.0 = Debug|Any CPU
		{BE6AF15C-52B5-435B-A81F-23D974CD3C8C}.Debug|x86.ActiveCfg = Debug|Any CPU
		{BE6AF15C-52B5-435B-A81F-23D974CD3C8C}.Debug|x86.Build.0 = Debug|Any CPU
		{BE6AF15C-52B5-435B-A81F-23D974CD3C8C}.Release|Any CPU.ActiveCfg = Release|Any CPU
		{BE6AF15C-52B5-435B-A81F-23D974CD3C8C}.Release|Any CPU.Build.0 = Release|Any CPU
		{BE6AF15C-52B5-435B-A81F-23D974CD3C8C}.Release|x64.ActiveCfg = Release|Any CPU
		{BE6AF15C-52B5-435B-A81F-23D974CD3C8C}.Release|x64.Build.0 = Release|Any CPU
		{BE6AF15C-52B5-435B-A81F-23D974CD3C8C}.Release|x86.ActiveCfg = Release|Any CPU
		{BE6AF15C-52B5-435B-A81F-23D974CD3C8C}.Release|x86.Build.0 = Release|Any CPU
		{D27078FC-18B8-44DB-9978-6626A528434C}.Debug|Any CPU.ActiveCfg = Debug|Any CPU
		{D27078FC-18B8-44DB-9978-6626A528434C}.Debug|Any CPU.Build.0 = Debug|Any CPU
		{D27078FC-18B8-44DB-9978-6626A528434C}.Debug|x64.ActiveCfg = Debug|Any CPU
		{D27078FC-18B8-44DB-9978-6626A528434C}.Debug|x64.Build.0 = Debug|Any CPU
		{D27078FC-18B8-44DB-9978-6626A528434C}.Debug|x86.ActiveCfg = Debug|Any CPU
		{D27078FC-18B8-44DB-9978-6626A528434C}.Debug|x86.Build.0 = Debug|Any CPU
		{D27078FC-18B8-44DB-9978-6626A528434C}.Release|Any CPU.ActiveCfg = Release|Any CPU
		{D27078FC-18B8-44DB-9978-6626A528434C}.Release|Any CPU.Build.0 = Release|Any CPU
		{D27078FC-18B8-44DB-9978-6626A528434C}.Release|x64.ActiveCfg = Release|Any CPU
		{D27078FC-18B8-44DB-9978-6626A528434C}.Release|x64.Build.0 = Release|Any CPU
		{D27078FC-18B8-44DB-9978-6626A528434C}.Release|x86.ActiveCfg = Release|Any CPU
		{D27078FC-18B8-44DB-9978-6626A528434C}.Release|x86.Build.0 = Release|Any CPU
		{B91A1D8E-E97F-4936-9BDA-5D2950B9C1E5}.Debug|Any CPU.ActiveCfg = Debug|Any CPU
		{B91A1D8E-E97F-4936-9BDA-5D2950B9C1E5}.Debug|Any CPU.Build.0 = Debug|Any CPU
		{B91A1D8E-E97F-4936-9BDA-5D2950B9C1E5}.Debug|x64.ActiveCfg = Debug|Any CPU
		{B91A1D8E-E97F-4936-9BDA-5D2950B9C1E5}.Debug|x64.Build.0 = Debug|Any CPU
		{B91A1D8E-E97F-4936-9BDA-5D2950B9C1E5}.Debug|x86.ActiveCfg = Debug|Any CPU
		{B91A1D8E-E97F-4936-9BDA-5D2950B9C1E5}.Debug|x86.Build.0 = Debug|Any CPU
		{B91A1D8E-E97F-4936-9BDA-5D2950B9C1E5}.Release|Any CPU.ActiveCfg = Release|Any CPU
		{B91A1D8E-E97F-4936-9BDA-5D2950B9C1E5}.Release|Any CPU.Build.0 = Release|Any CPU
		{B91A1D8E-E97F-4936-9BDA-5D2950B9C1E5}.Release|x64.ActiveCfg = Release|Any CPU
		{B91A1D8E-E97F-4936-9BDA-5D2950B9C1E5}.Release|x64.Build.0 = Release|Any CPU
		{B91A1D8E-E97F-4936-9BDA-5D2950B9C1E5}.Release|x86.ActiveCfg = Release|Any CPU
		{B91A1D8E-E97F-4936-9BDA-5D2950B9C1E5}.Release|x86.Build.0 = Release|Any CPU
		{51051465-AC00-4D05-9953-90773A32AE9F}.Debug|Any CPU.ActiveCfg = Debug|Any CPU
		{51051465-AC00-4D05-9953-90773A32AE9F}.Debug|Any CPU.Build.0 = Debug|Any CPU
		{51051465-AC00-4D05-9953-90773A32AE9F}.Debug|x64.ActiveCfg = Debug|Any CPU
		{51051465-AC00-4D05-9953-90773A32AE9F}.Debug|x64.Build.0 = Debug|Any CPU
		{51051465-AC00-4D05-9953-90773A32AE9F}.Debug|x86.ActiveCfg = Debug|Any CPU
		{51051465-AC00-4D05-9953-90773A32AE9F}.Debug|x86.Build.0 = Debug|Any CPU
		{51051465-AC00-4D05-9953-90773A32AE9F}.Release|Any CPU.ActiveCfg = Release|Any CPU
		{51051465-AC00-4D05-9953-90773A32AE9F}.Release|Any CPU.Build.0 = Release|Any CPU
		{51051465-AC00-4D05-9953-90773A32AE9F}.Release|x64.ActiveCfg = Release|Any CPU
		{51051465-AC00-4D05-9953-90773A32AE9F}.Release|x64.Build.0 = Release|Any CPU
		{51051465-AC00-4D05-9953-90773A32AE9F}.Release|x86.ActiveCfg = Release|Any CPU
		{51051465-AC00-4D05-9953-90773A32AE9F}.Release|x86.Build.0 = Release|Any CPU
		{E50ACA84-8914-4932-9F57-8FA54BC9A75E}.Debug|Any CPU.ActiveCfg = Debug|Any CPU
		{E50ACA84-8914-4932-9F57-8FA54BC9A75E}.Debug|Any CPU.Build.0 = Debug|Any CPU
		{E50ACA84-8914-4932-9F57-8FA54BC9A75E}.Debug|x64.ActiveCfg = Debug|Any CPU
		{E50ACA84-8914-4932-9F57-8FA54BC9A75E}.Debug|x64.Build.0 = Debug|Any CPU
		{E50ACA84-8914-4932-9F57-8FA54BC9A75E}.Debug|x86.ActiveCfg = Debug|Any CPU
		{E50ACA84-8914-4932-9F57-8FA54BC9A75E}.Debug|x86.Build.0 = Debug|Any CPU
		{E50ACA84-8914-4932-9F57-8FA54BC9A75E}.Release|Any CPU.ActiveCfg = Release|Any CPU
		{E50ACA84-8914-4932-9F57-8FA54BC9A75E}.Release|Any CPU.Build.0 = Release|Any CPU
		{E50ACA84-8914-4932-9F57-8FA54BC9A75E}.Release|x64.ActiveCfg = Release|Any CPU
		{E50ACA84-8914-4932-9F57-8FA54BC9A75E}.Release|x64.Build.0 = Release|Any CPU
		{E50ACA84-8914-4932-9F57-8FA54BC9A75E}.Release|x86.ActiveCfg = Release|Any CPU
		{E50ACA84-8914-4932-9F57-8FA54BC9A75E}.Release|x86.Build.0 = Release|Any CPU
		{60B2DA54-8B6E-4DC2-AAE3-2E1969B2AFB8}.Debug|Any CPU.ActiveCfg = Debug|Any CPU
		{60B2DA54-8B6E-4DC2-AAE3-2E1969B2AFB8}.Debug|Any CPU.Build.0 = Debug|Any CPU
		{60B2DA54-8B6E-4DC2-AAE3-2E1969B2AFB8}.Debug|x64.ActiveCfg = Debug|Any CPU
		{60B2DA54-8B6E-4DC2-AAE3-2E1969B2AFB8}.Debug|x64.Build.0 = Debug|Any CPU
		{60B2DA54-8B6E-4DC2-AAE3-2E1969B2AFB8}.Debug|x86.ActiveCfg = Debug|Any CPU
		{60B2DA54-8B6E-4DC2-AAE3-2E1969B2AFB8}.Debug|x86.Build.0 = Debug|Any CPU
		{60B2DA54-8B6E-4DC2-AAE3-2E1969B2AFB8}.Release|Any CPU.ActiveCfg = Release|Any CPU
		{60B2DA54-8B6E-4DC2-AAE3-2E1969B2AFB8}.Release|Any CPU.Build.0 = Release|Any CPU
		{60B2DA54-8B6E-4DC2-AAE3-2E1969B2AFB8}.Release|x64.ActiveCfg = Release|Any CPU
		{60B2DA54-8B6E-4DC2-AAE3-2E1969B2AFB8}.Release|x64.Build.0 = Release|Any CPU
		{60B2DA54-8B6E-4DC2-AAE3-2E1969B2AFB8}.Release|x86.ActiveCfg = Release|Any CPU
		{60B2DA54-8B6E-4DC2-AAE3-2E1969B2AFB8}.Release|x86.Build.0 = Release|Any CPU
		{2EDE3444-AF8B-4A54-B5DF-B6BE74205BCF}.Debug|Any CPU.ActiveCfg = Debug|Any CPU
		{2EDE3444-AF8B-4A54-B5DF-B6BE74205BCF}.Debug|Any CPU.Build.0 = Debug|Any CPU
		{2EDE3444-AF8B-4A54-B5DF-B6BE74205BCF}.Debug|x64.ActiveCfg = Debug|Any CPU
		{2EDE3444-AF8B-4A54-B5DF-B6BE74205BCF}.Debug|x64.Build.0 = Debug|Any CPU
		{2EDE3444-AF8B-4A54-B5DF-B6BE74205BCF}.Debug|x86.ActiveCfg = Debug|Any CPU
		{2EDE3444-AF8B-4A54-B5DF-B6BE74205BCF}.Debug|x86.Build.0 = Debug|Any CPU
		{2EDE3444-AF8B-4A54-B5DF-B6BE74205BCF}.Release|Any CPU.ActiveCfg = Release|Any CPU
		{2EDE3444-AF8B-4A54-B5DF-B6BE74205BCF}.Release|Any CPU.Build.0 = Release|Any CPU
		{2EDE3444-AF8B-4A54-B5DF-B6BE74205BCF}.Release|x64.ActiveCfg = Release|Any CPU
		{2EDE3444-AF8B-4A54-B5DF-B6BE74205BCF}.Release|x64.Build.0 = Release|Any CPU
		{2EDE3444-AF8B-4A54-B5DF-B6BE74205BCF}.Release|x86.ActiveCfg = Release|Any CPU
		{2EDE3444-AF8B-4A54-B5DF-B6BE74205BCF}.Release|x86.Build.0 = Release|Any CPU
		{8B09003C-A812-4635-BE66-E65CAAD21080}.Debug|Any CPU.ActiveCfg = Debug|Any CPU
		{8B09003C-A812-4635-BE66-E65CAAD21080}.Debug|Any CPU.Build.0 = Debug|Any CPU
		{8B09003C-A812-4635-BE66-E65CAAD21080}.Debug|x64.ActiveCfg = Debug|Any CPU
		{8B09003C-A812-4635-BE66-E65CAAD21080}.Debug|x64.Build.0 = Debug|Any CPU
		{8B09003C-A812-4635-BE66-E65CAAD21080}.Debug|x86.ActiveCfg = Debug|Any CPU
		{8B09003C-A812-4635-BE66-E65CAAD21080}.Debug|x86.Build.0 = Debug|Any CPU
		{8B09003C-A812-4635-BE66-E65CAAD21080}.Release|Any CPU.ActiveCfg = Release|Any CPU
		{8B09003C-A812-4635-BE66-E65CAAD21080}.Release|Any CPU.Build.0 = Release|Any CPU
		{8B09003C-A812-4635-BE66-E65CAAD21080}.Release|x64.ActiveCfg = Release|Any CPU
		{8B09003C-A812-4635-BE66-E65CAAD21080}.Release|x64.Build.0 = Release|Any CPU
		{8B09003C-A812-4635-BE66-E65CAAD21080}.Release|x86.ActiveCfg = Release|Any CPU
		{8B09003C-A812-4635-BE66-E65CAAD21080}.Release|x86.Build.0 = Release|Any CPU
		{D1F39213-7CB5-4D1C-ADA3-E58938F1D4F5}.Debug|Any CPU.ActiveCfg = Debug|Any CPU
		{D1F39213-7CB5-4D1C-ADA3-E58938F1D4F5}.Debug|Any CPU.Build.0 = Debug|Any CPU
		{D1F39213-7CB5-4D1C-ADA3-E58938F1D4F5}.Debug|x64.ActiveCfg = Debug|Any CPU
		{D1F39213-7CB5-4D1C-ADA3-E58938F1D4F5}.Debug|x64.Build.0 = Debug|Any CPU
		{D1F39213-7CB5-4D1C-ADA3-E58938F1D4F5}.Debug|x86.ActiveCfg = Debug|Any CPU
		{D1F39213-7CB5-4D1C-ADA3-E58938F1D4F5}.Debug|x86.Build.0 = Debug|Any CPU
		{D1F39213-7CB5-4D1C-ADA3-E58938F1D4F5}.Release|Any CPU.ActiveCfg = Release|Any CPU
		{D1F39213-7CB5-4D1C-ADA3-E58938F1D4F5}.Release|Any CPU.Build.0 = Release|Any CPU
		{D1F39213-7CB5-4D1C-ADA3-E58938F1D4F5}.Release|x64.ActiveCfg = Release|Any CPU
		{D1F39213-7CB5-4D1C-ADA3-E58938F1D4F5}.Release|x64.Build.0 = Release|Any CPU
		{D1F39213-7CB5-4D1C-ADA3-E58938F1D4F5}.Release|x86.ActiveCfg = Release|Any CPU
		{D1F39213-7CB5-4D1C-ADA3-E58938F1D4F5}.Release|x86.Build.0 = Release|Any CPU
		{1D337FEC-AEAE-41EE-B156-7D9B4B906FC8}.Debug|Any CPU.ActiveCfg = Debug|Any CPU
		{1D337FEC-AEAE-41EE-B156-7D9B4B906FC8}.Debug|Any CPU.Build.0 = Debug|Any CPU
		{1D337FEC-AEAE-41EE-B156-7D9B4B906FC8}.Debug|x64.ActiveCfg = Debug|Any CPU
		{1D337FEC-AEAE-41EE-B156-7D9B4B906FC8}.Debug|x64.Build.0 = Debug|Any CPU
		{1D337FEC-AEAE-41EE-B156-7D9B4B906FC8}.Debug|x86.ActiveCfg = Debug|Any CPU
		{1D337FEC-AEAE-41EE-B156-7D9B4B906FC8}.Debug|x86.Build.0 = Debug|Any CPU
		{1D337FEC-AEAE-41EE-B156-7D9B4B906FC8}.Release|Any CPU.ActiveCfg = Release|Any CPU
		{1D337FEC-AEAE-41EE-B156-7D9B4B906FC8}.Release|Any CPU.Build.0 = Release|Any CPU
		{1D337FEC-AEAE-41EE-B156-7D9B4B906FC8}.Release|x64.ActiveCfg = Release|Any CPU
		{1D337FEC-AEAE-41EE-B156-7D9B4B906FC8}.Release|x64.Build.0 = Release|Any CPU
		{1D337FEC-AEAE-41EE-B156-7D9B4B906FC8}.Release|x86.ActiveCfg = Release|Any CPU
		{1D337FEC-AEAE-41EE-B156-7D9B4B906FC8}.Release|x86.Build.0 = Release|Any CPU
		{BB95A422-E00D-4861-8666-78CAA922D589}.Debug|Any CPU.ActiveCfg = Debug|Any CPU
		{BB95A422-E00D-4861-8666-78CAA922D589}.Debug|Any CPU.Build.0 = Debug|Any CPU
		{BB95A422-E00D-4861-8666-78CAA922D589}.Debug|x64.ActiveCfg = Debug|Any CPU
		{BB95A422-E00D-4861-8666-78CAA922D589}.Debug|x64.Build.0 = Debug|Any CPU
		{BB95A422-E00D-4861-8666-78CAA922D589}.Debug|x86.ActiveCfg = Debug|Any CPU
		{BB95A422-E00D-4861-8666-78CAA922D589}.Debug|x86.Build.0 = Debug|Any CPU
		{BB95A422-E00D-4861-8666-78CAA922D589}.Release|Any CPU.ActiveCfg = Release|Any CPU
		{BB95A422-E00D-4861-8666-78CAA922D589}.Release|Any CPU.Build.0 = Release|Any CPU
		{BB95A422-E00D-4861-8666-78CAA922D589}.Release|x64.ActiveCfg = Release|Any CPU
		{BB95A422-E00D-4861-8666-78CAA922D589}.Release|x64.Build.0 = Release|Any CPU
		{BB95A422-E00D-4861-8666-78CAA922D589}.Release|x86.ActiveCfg = Release|Any CPU
		{BB95A422-E00D-4861-8666-78CAA922D589}.Release|x86.Build.0 = Release|Any CPU
		{2692C785-FB2D-49CB-9D22-2B3B495D8512}.Debug|Any CPU.ActiveCfg = Debug|Any CPU
		{2692C785-FB2D-49CB-9D22-2B3B495D8512}.Debug|Any CPU.Build.0 = Debug|Any CPU
		{2692C785-FB2D-49CB-9D22-2B3B495D8512}.Debug|x64.ActiveCfg = Debug|Any CPU
		{2692C785-FB2D-49CB-9D22-2B3B495D8512}.Debug|x64.Build.0 = Debug|Any CPU
		{2692C785-FB2D-49CB-9D22-2B3B495D8512}.Debug|x86.ActiveCfg = Debug|Any CPU
		{2692C785-FB2D-49CB-9D22-2B3B495D8512}.Debug|x86.Build.0 = Debug|Any CPU
		{2692C785-FB2D-49CB-9D22-2B3B495D8512}.Release|Any CPU.ActiveCfg = Release|Any CPU
		{2692C785-FB2D-49CB-9D22-2B3B495D8512}.Release|Any CPU.Build.0 = Release|Any CPU
		{2692C785-FB2D-49CB-9D22-2B3B495D8512}.Release|x64.ActiveCfg = Release|Any CPU
		{2692C785-FB2D-49CB-9D22-2B3B495D8512}.Release|x64.Build.0 = Release|Any CPU
		{2692C785-FB2D-49CB-9D22-2B3B495D8512}.Release|x86.ActiveCfg = Release|Any CPU
		{2692C785-FB2D-49CB-9D22-2B3B495D8512}.Release|x86.Build.0 = Release|Any CPU
		{DC006F93-3CB1-4923-B81A-2A2C11DD2AA9}.Debug|Any CPU.ActiveCfg = Debug|Any CPU
		{DC006F93-3CB1-4923-B81A-2A2C11DD2AA9}.Debug|Any CPU.Build.0 = Debug|Any CPU
		{DC006F93-3CB1-4923-B81A-2A2C11DD2AA9}.Debug|x64.ActiveCfg = Debug|Any CPU
		{DC006F93-3CB1-4923-B81A-2A2C11DD2AA9}.Debug|x64.Build.0 = Debug|Any CPU
		{DC006F93-3CB1-4923-B81A-2A2C11DD2AA9}.Debug|x86.ActiveCfg = Debug|Any CPU
		{DC006F93-3CB1-4923-B81A-2A2C11DD2AA9}.Debug|x86.Build.0 = Debug|Any CPU
		{DC006F93-3CB1-4923-B81A-2A2C11DD2AA9}.Release|Any CPU.ActiveCfg = Release|Any CPU
		{DC006F93-3CB1-4923-B81A-2A2C11DD2AA9}.Release|Any CPU.Build.0 = Release|Any CPU
		{DC006F93-3CB1-4923-B81A-2A2C11DD2AA9}.Release|x64.ActiveCfg = Release|Any CPU
		{DC006F93-3CB1-4923-B81A-2A2C11DD2AA9}.Release|x64.Build.0 = Release|Any CPU
		{DC006F93-3CB1-4923-B81A-2A2C11DD2AA9}.Release|x86.ActiveCfg = Release|Any CPU
		{DC006F93-3CB1-4923-B81A-2A2C11DD2AA9}.Release|x86.Build.0 = Release|Any CPU
		{19FAD213-DC9E-4D85-8AA3-51C1C25D5860}.Debug|Any CPU.ActiveCfg = Debug|Any CPU
		{19FAD213-DC9E-4D85-8AA3-51C1C25D5860}.Debug|Any CPU.Build.0 = Debug|Any CPU
		{19FAD213-DC9E-4D85-8AA3-51C1C25D5860}.Debug|x64.ActiveCfg = Debug|Any CPU
		{19FAD213-DC9E-4D85-8AA3-51C1C25D5860}.Debug|x64.Build.0 = Debug|Any CPU
		{19FAD213-DC9E-4D85-8AA3-51C1C25D5860}.Debug|x86.ActiveCfg = Debug|Any CPU
		{19FAD213-DC9E-4D85-8AA3-51C1C25D5860}.Debug|x86.Build.0 = Debug|Any CPU
		{19FAD213-DC9E-4D85-8AA3-51C1C25D5860}.Release|Any CPU.ActiveCfg = Release|Any CPU
		{19FAD213-DC9E-4D85-8AA3-51C1C25D5860}.Release|Any CPU.Build.0 = Release|Any CPU
		{19FAD213-DC9E-4D85-8AA3-51C1C25D5860}.Release|x64.ActiveCfg = Release|Any CPU
		{19FAD213-DC9E-4D85-8AA3-51C1C25D5860}.Release|x64.Build.0 = Release|Any CPU
		{19FAD213-DC9E-4D85-8AA3-51C1C25D5860}.Release|x86.ActiveCfg = Release|Any CPU
		{19FAD213-DC9E-4D85-8AA3-51C1C25D5860}.Release|x86.Build.0 = Release|Any CPU
	EndGlobalSection
	GlobalSection(SolutionProperties) = preSolution
		HideSolutionNode = FALSE
	EndGlobalSection
EndGlobal
